<?xml version="1.0" encoding="utf-8"?>
<Project ToolsVersion="4.0" xmlns="http://schemas.microsoft.com/developer/msbuild/2003">
  <ItemGroup>
    <Filter Include="Source Files">
      <UniqueIdentifier>{4FC737F1-C7A5-4376-A066-2A32D752A2FF}</UniqueIdentifier>
      <Extensions>cpp;c;cc;cxx;def;odl;idl;hpj;bat;asm;asmx</Extensions>
    </Filter>
    <Filter Include="Header Files">
      <UniqueIdentifier>{93995380-89BD-4b04-88EB-625FBE52EBFB}</UniqueIdentifier>
      <Extensions>h;hh;hpp;hxx;hm;inl;inc;xsd</Extensions>
    </Filter>
  </ItemGroup>
  <ItemGroup>
    <ClInclude Include="stdafx.h">
      <Filter>Header Files</Filter>
    </ClInclude>
    <ClInclude Include="targetver.h">
      <Filter>Header Files</Filter>
    </ClInclude>
    <ClInclude Include="COMHooks.h">
      <Filter>Header Files</Filter>
    </ClInclude>
    <ClInclude Include="LoadLibraryHook.h">
      <Filter>Header Files</Filter>
    </ClInclude>
    <ClInclude Include="MyObjectAttributes.h">
      <Filter>Header Files</Filter>
    </ClInclude>
    <ClInclude Include="MyUnicodeString.h">
      <Filter>Header Files</Filter>
    </ClInclude>
    <ClInclude Include="NtAttributesFileHooks.h">
      <Filter>Header Files</Filter>
    </ClInclude>
    <ClInclude Include="NtDirectoryObjectHooks.h">
      <Filter>Header Files</Filter>
    </ClInclude>
    <ClInclude Include="NtEventHooks.h">
      <Filter>Header Files</Filter>
    </ClInclude>
    <ClInclude Include="NtHooks.h">
      <Filter>Header Files</Filter>
    </ClInclude>
    <ClInclude Include="NtMutantHooks.h">
      <Filter>Header Files</Filter>
    </ClInclude>
    <ClInclude Include="NtPortHooks.h">
      <Filter>Header Files</Filter>
    </ClInclude>
    <ClInclude Include="NtSectionHooks.h">
      <Filter>Header Files</Filter>
    </ClInclude>
    <ClInclude Include="NtSemaphoreHooks.h">
      <Filter>Header Files</Filter>
    </ClInclude>
    <ClInclude Include="NtTimerHooks.h">
      <Filter>Header Files</Filter>
    </ClInclude>
    <ClInclude Include="RTL.h">
      <Filter>Header Files</Filter>
    </ClInclude>
    <ClInclude Include="RulesEngine.h">
      <Filter>Header Files</Filter>
    </ClInclude>
    <ClInclude Include="RuleType.h">
      <Filter>Header Files</Filter>
    </ClInclude>
    <ClInclude Include="AavHookLib.h">
      <Filter>Header Files</Filter>
    </ClInclude>
  </ItemGroup>
  <ItemGroup>
    <ClCompile Include="stdafx.cpp">
      <Filter>Source Files</Filter>
    </ClCompile>
    <ClCompile Include="COMHooks.cpp">
      <Filter>Source Files</Filter>
    </ClCompile>
    <ClCompile Include="LoadLibraryHook.cpp">
      <Filter>Source Files</Filter>
    </ClCompile>
    <ClCompile Include="MyObjectAttributes.cpp">
      <Filter>Source Files</Filter>
    </ClCompile>
    <ClCompile Include="MyUnicodeString.cpp">
      <Filter>Source Files</Filter>
    </ClCompile>
    <ClCompile Include="NtAttributesFileHooks.cpp">
      <Filter>Source Files</Filter>
    </ClCompile>
    <ClCompile Include="NtDirectoryObjectHooks.cpp">
      <Filter>Source Files</Filter>
    </ClCompile>
    <ClCompile Include="NtEventHooks.cpp">
      <Filter>Source Files</Filter>
    </ClCompile>
    <ClCompile Include="NtHooks.cpp">
      <Filter>Source Files</Filter>
    </ClCompile>
    <ClCompile Include="NtMutantHooks.cpp">
      <Filter>Source Files</Filter>
    </ClCompile>
    <ClCompile Include="NtPortHooks.cpp">
      <Filter>Source Files</Filter>
    </ClCompile>
    <ClCompile Include="NtSectionHooks.cpp">
      <Filter>Source Files</Filter>
    </ClCompile>
    <ClCompile Include="NtSemaphoreHooks.cpp">
      <Filter>Source Files</Filter>
    </ClCompile>
    <ClCompile Include="NtTimerHooks.cpp">
      <Filter>Source Files</Filter>
    </ClCompile>
    <ClCompile Include="RTL.cpp">
      <Filter>Source Files</Filter>
    </ClCompile>
    <ClCompile Include="RuleEngine.cpp">
      <Filter>Source Files</Filter>
    </ClCompile>
  </ItemGroup>
  <ItemGroup>
    <Text Include="Potential Hooks.txt" />
  </ItemGroup>
</Project>